// !$*UTF8*$!
{
	archiveVersion = 1;
	classes = {
	};
	objectVersion = 55;
	objects = {

/* Begin PBXBuildFile section */
		3F75594ECEF97EED04F00441 /* Pods_Weather.framework in Frameworks */ = {isa = PBXBuildFile; fileRef = 652A6CD210A5BD5AA05739D1 /* Pods_Weather.framework */; };
		C200B03F27C6155F0096C347 /* AppDelegate.swift in Sources */ = {isa = PBXBuildFile; fileRef = C200B03E27C6155F0096C347 /* AppDelegate.swift */; };
		C200B04127C6155F0096C347 /* SceneDelegate.swift in Sources */ = {isa = PBXBuildFile; fileRef = C200B04027C6155F0096C347 /* SceneDelegate.swift */; };
		C200B04327C6155F0096C347 /* AnimationViewController.swift in Sources */ = {isa = PBXBuildFile; fileRef = C200B04227C6155F0096C347 /* AnimationViewController.swift */; };
		C200B04627C6155F0096C347 /* Main.storyboard in Resources */ = {isa = PBXBuildFile; fileRef = C200B04427C6155F0096C347 /* Main.storyboard */; };
		C200B04927C6155F0096C347 /* Weather.xcdatamodeld in Sources */ = {isa = PBXBuildFile; fileRef = C200B04727C6155F0096C347 /* Weather.xcdatamodeld */; };
		C200B04B27C615610096C347 /* Assets.xcassets in Resources */ = {isa = PBXBuildFile; fileRef = C200B04A27C615610096C347 /* Assets.xcassets */; };
		C200B04E27C615610096C347 /* LaunchScreen.storyboard in Resources */ = {isa = PBXBuildFile; fileRef = C200B04C27C615610096C347 /* LaunchScreen.storyboard */; };
		C270550127C61C2200367265 /* MainViewController.swift in Sources */ = {isa = PBXBuildFile; fileRef = C270550027C61C2200367265 /* MainViewController.swift */; };
		C270550827C6232100367265 /* UIColor.swift in Sources */ = {isa = PBXBuildFile; fileRef = C270550727C6232100367265 /* UIColor.swift */; };
		C270552F27C69C1800367265 /* weather_clouds.json in Resources */ = {isa = PBXBuildFile; fileRef = C270552E27C69C1800367265 /* weather_clouds.json */; };
		C270553327C79D0700367265 /* ShowSevenDayWeatherViewController.swift in Sources */ = {isa = PBXBuildFile; fileRef = C270553227C79D0700367265 /* ShowSevenDayWeatherViewController.swift */; };
		C270553827C7A26400367265 /* WeatherCell.swift in Sources */ = {isa = PBXBuildFile; fileRef = C270553727C7A26400367265 /* WeatherCell.swift */; };
		C270553A27C7AA6900367265 /* Today'sWeatherCell.swift in Sources */ = {isa = PBXBuildFile; fileRef = C270553927C7AA6900367265 /* Today'sWeatherCell.swift */; };
		C2971EF327C7DE2E00A1D342 /* WeatherManager.swift in Sources */ = {isa = PBXBuildFile; fileRef = C2971EF227C7DE2E00A1D342 /* WeatherManager.swift */; };
		C2971EF527C7DEA200A1D342 /* WeatherModel.swift in Sources */ = {isa = PBXBuildFile; fileRef = C2971EF427C7DEA200A1D342 /* WeatherModel.swift */; };
		C2971EF727C7DF3400A1D342 /* WeatherData.swift in Sources */ = {isa = PBXBuildFile; fileRef = C2971EF627C7DF3400A1D342 /* WeatherData.swift */; };
/* End PBXBuildFile section */

/* Begin PBXFileReference section */
		652A6CD210A5BD5AA05739D1 /* Pods_Weather.framework */ = {isa = PBXFileReference; explicitFileType = wrapper.framework; includeInIndex = 0; path = Pods_Weather.framework; sourceTree = BUILT_PRODUCTS_DIR; };
		708331F8AA612ECD54411EC7 /* Pods-Weather.release.xcconfig */ = {isa = PBXFileReference; includeInIndex = 1; lastKnownFileType = text.xcconfig; name = "Pods-Weather.release.xcconfig"; path = "Target Support Files/Pods-Weather/Pods-Weather.release.xcconfig"; sourceTree = "<group>"; };
		C200B03B27C6155F0096C347 /* Weather.app */ = {isa = PBXFileReference; explicitFileType = wrapper.application; includeInIndex = 0; path = Weather.app; sourceTree = BUILT_PRODUCTS_DIR; };
		C200B03E27C6155F0096C347 /* AppDelegate.swift */ = {isa = PBXFileReference; lastKnownFileType = sourcecode.swift; path = AppDelegate.swift; sourceTree = "<group>"; };
		C200B04027C6155F0096C347 /* SceneDelegate.swift */ = {isa = PBXFileReference; lastKnownFileType = sourcecode.swift; path = SceneDelegate.swift; sourceTree = "<group>"; };
		C200B04227C6155F0096C347 /* AnimationViewController.swift */ = {isa = PBXFileReference; lastKnownFileType = sourcecode.swift; path = AnimationViewController.swift; sourceTree = "<group>"; };
		C200B04527C6155F0096C347 /* Base */ = {isa = PBXFileReference; lastKnownFileType = file.storyboard; name = Base; path = Base.lproj/Main.storyboard; sourceTree = "<group>"; };
		C200B04827C6155F0096C347 /* Weather.xcdatamodel */ = {isa = PBXFileReference; lastKnownFileType = wrapper.xcdatamodel; path = Weather.xcdatamodel; sourceTree = "<group>"; };
		C200B04A27C615610096C347 /* Assets.xcassets */ = {isa = PBXFileReference; lastKnownFileType = folder.assetcatalog; path = Assets.xcassets; sourceTree = "<group>"; };
		C200B04D27C615610096C347 /* Base */ = {isa = PBXFileReference; lastKnownFileType = file.storyboard; name = Base; path = Base.lproj/LaunchScreen.storyboard; sourceTree = "<group>"; };
		C200B04F27C615610096C347 /* Info.plist */ = {isa = PBXFileReference; lastKnownFileType = text.plist.xml; path = Info.plist; sourceTree = "<group>"; };
		C270550027C61C2200367265 /* MainViewController.swift */ = {isa = PBXFileReference; lastKnownFileType = sourcecode.swift; path = MainViewController.swift; sourceTree = "<group>"; };
		C270550727C6232100367265 /* UIColor.swift */ = {isa = PBXFileReference; lastKnownFileType = sourcecode.swift; path = UIColor.swift; sourceTree = "<group>"; };
		C270552E27C69C1800367265 /* weather_clouds.json */ = {isa = PBXFileReference; fileEncoding = 4; lastKnownFileType = text.json; path = weather_clouds.json; sourceTree = "<group>"; };
		C270553227C79D0700367265 /* ShowSevenDayWeatherViewController.swift */ = {isa = PBXFileReference; lastKnownFileType = sourcecode.swift; path = ShowSevenDayWeatherViewController.swift; sourceTree = "<group>"; };
		C270553727C7A26400367265 /* WeatherCell.swift */ = {isa = PBXFileReference; lastKnownFileType = sourcecode.swift; path = WeatherCell.swift; sourceTree = "<group>"; };
		C270553927C7AA6900367265 /* Today'sWeatherCell.swift */ = {isa = PBXFileReference; lastKnownFileType = sourcecode.swift; path = "Today'sWeatherCell.swift"; sourceTree = "<group>"; };
		C2971EF227C7DE2E00A1D342 /* WeatherManager.swift */ = {isa = PBXFileReference; lastKnownFileType = sourcecode.swift; path = WeatherManager.swift; sourceTree = "<group>"; };
		C2971EF427C7DEA200A1D342 /* WeatherModel.swift */ = {isa = PBXFileReference; lastKnownFileType = sourcecode.swift; path = WeatherModel.swift; sourceTree = "<group>"; };
		C2971EF627C7DF3400A1D342 /* WeatherData.swift */ = {isa = PBXFileReference; lastKnownFileType = sourcecode.swift; path = WeatherData.swift; sourceTree = "<group>"; };
		CF7725961EBC7A185067082C /* Pods-Weather.debug.xcconfig */ = {isa = PBXFileReference; includeInIndex = 1; lastKnownFileType = text.xcconfig; name = "Pods-Weather.debug.xcconfig"; path = "Target Support Files/Pods-Weather/Pods-Weather.debug.xcconfig"; sourceTree = "<group>"; };
/* End PBXFileReference section */

/* Begin PBXFrameworksBuildPhase section */
		C200B03827C6155E0096C347 /* Frameworks */ = {
			isa = PBXFrameworksBuildPhase;
			buildActionMask = 2147483647;
			files = (
				3F75594ECEF97EED04F00441 /* Pods_Weather.framework in Frameworks */,
			);
			runOnlyForDeploymentPostprocessing = 0;
		};
/* End PBXFrameworksBuildPhase section */

/* Begin PBXGroup section */
		04C4D52CA1B79698D4779E98 /* Frameworks */ = {
			isa = PBXGroup;
			children = (
				652A6CD210A5BD5AA05739D1 /* Pods_Weather.framework */,
			);
			name = Frameworks;
			sourceTree = "<group>";
		};
		29849959A7A08ABA8A0EFFD3 /* Pods */ = {
			isa = PBXGroup;
			children = (
				CF7725961EBC7A185067082C /* Pods-Weather.debug.xcconfig */,
				708331F8AA612ECD54411EC7 /* Pods-Weather.release.xcconfig */,
			);
			path = Pods;
			sourceTree = "<group>";
		};
		C200B03227C6155E0096C347 = {
			isa = PBXGroup;
			children = (
				C200B03D27C6155F0096C347 /* Weather */,
				C200B03C27C6155F0096C347 /* Products */,
				29849959A7A08ABA8A0EFFD3 /* Pods */,
				04C4D52CA1B79698D4779E98 /* Frameworks */,
			);
			sourceTree = "<group>";
		};
		C200B03C27C6155F0096C347 /* Products */ = {
			isa = PBXGroup;
			children = (
				C200B03B27C6155F0096C347 /* Weather.app */,
			);
			name = Products;
			sourceTree = "<group>";
		};
		C200B03D27C6155F0096C347 /* Weather */ = {
			isa = PBXGroup;
			children = (
				C200B05727C615820096C347 /* App */,
				C200B05527C615710096C347 /* View */,
				C200B05627C615760096C347 /* Pages */,
				C200B04A27C615610096C347 /* Assets.xcassets */,
				C200B04F27C615610096C347 /* Info.plist */,
				C200B04727C6155F0096C347 /* Weather.xcdatamodeld */,
			);
			path = Weather;
			sourceTree = "<group>";
		};
		C200B05527C615710096C347 /* View */ = {
			isa = PBXGroup;
			children = (
				C200B04427C6155F0096C347 /* Main.storyboard */,
				C200B04C27C615610096C347 /* LaunchScreen.storyboard */,
			);
			path = View;
			sourceTree = "<group>";
		};
		C200B05627C615760096C347 /* Pages */ = {
			isa = PBXGroup;
			children = (
				C200B04227C6155F0096C347 /* AnimationViewController.swift */,
				C270550027C61C2200367265 /* MainViewController.swift */,
				C270553227C79D0700367265 /* ShowSevenDayWeatherViewController.swift */,
				C2971EF127C7DE1500A1D342 /* Model */,
				C270553627C7A24A00367265 /* Cell */,
				C270550227C6218A00367265 /* Resources */,
			);
			path = Pages;
			sourceTree = "<group>";
		};
		C200B05727C615820096C347 /* App */ = {
			isa = PBXGroup;
			children = (
				C200B03E27C6155F0096C347 /* AppDelegate.swift */,
				C200B04027C6155F0096C347 /* SceneDelegate.swift */,
			);
			path = App;
			sourceTree = "<group>";
		};
		C270550227C6218A00367265 /* Resources */ = {
			isa = PBXGroup;
			children = (
				C270550627C6230B00367265 /* UIColor */,
				C270550327C6219300367265 /* Animation */,
			);
			path = Resources;
			sourceTree = "<group>";
		};
		C270550327C6219300367265 /* Animation */ = {
			isa = PBXGroup;
			children = (
				C270552E27C69C1800367265 /* weather_clouds.json */,
			);
			path = Animation;
			sourceTree = "<group>";
		};
		C270550627C6230B00367265 /* UIColor */ = {
			isa = PBXGroup;
			children = (
				C270550727C6232100367265 /* UIColor.swift */,
			);
			path = UIColor;
			sourceTree = "<group>";
		};
		C270553627C7A24A00367265 /* Cell */ = {
			isa = PBXGroup;
			children = (
				C270553927C7AA6900367265 /* Today'sWeatherCell.swift */,
				C270553727C7A26400367265 /* WeatherCell.swift */,
			);
			path = Cell;
			sourceTree = "<group>";
		};
		C2971EF127C7DE1500A1D342 /* Model */ = {
			isa = PBXGroup;
			children = (
				C2971EF227C7DE2E00A1D342 /* WeatherManager.swift */,
				C2971EF427C7DEA200A1D342 /* WeatherModel.swift */,
				C2971EF627C7DF3400A1D342 /* WeatherData.swift */,
			);
			path = Model;
			sourceTree = "<group>";
		};
/* End PBXGroup section */

/* Begin PBXNativeTarget section */
		C200B03A27C6155E0096C347 /* Weather */ = {
			isa = PBXNativeTarget;
			buildConfigurationList = C200B05227C615610096C347 /* Build configuration list for PBXNativeTarget "Weather" */;
			buildPhases = (
				E3354B55141FFFB03C1022FB /* [CP] Check Pods Manifest.lock */,
				C200B03727C6155E0096C347 /* Sources */,
				C200B03827C6155E0096C347 /* Frameworks */,
				C200B03927C6155E0096C347 /* Resources */,
				8DEC419B3A06A9753DA1F56B /* [CP] Embed Pods Frameworks */,
			);
			buildRules = (
			);
			dependencies = (
			);
			name = Weather;
			productName = Weather;
			productReference = C200B03B27C6155F0096C347 /* Weather.app */;
			productType = "com.apple.product-type.application";
		};
/* End PBXNativeTarget section */

/* Begin PBXProject section */
		C200B03327C6155E0096C347 /* Project object */ = {
			isa = PBXProject;
			attributes = {
				BuildIndependentTargetsInParallel = 1;
				LastSwiftUpdateCheck = 1310;
				LastUpgradeCheck = 1310;
				TargetAttributes = {
					C200B03A27C6155E0096C347 = {
						CreatedOnToolsVersion = 13.1;
					};
				};
			};
			buildConfigurationList = C200B03627C6155E0096C347 /* Build configuration list for PBXProject "Weather" */;
			compatibilityVersion = "Xcode 13.0";
			developmentRegion = en;
			hasScannedForEncodings = 0;
			knownRegions = (
				en,
				Base,
			);
			mainGroup = C200B03227C6155E0096C347;
			productRefGroup = C200B03C27C6155F0096C347 /* Products */;
			projectDirPath = "";
			projectRoot = "";
			targets = (
				C200B03A27C6155E0096C347 /* Weather */,
			);
		};
/* End PBXProject section */

/* Begin PBXResourcesBuildPhase section */
		C200B03927C6155E0096C347 /* Resources */ = {
			isa = PBXResourcesBuildPhase;
			buildActionMask = 2147483647;
			files = (
				C270552F27C69C1800367265 /* weather_clouds.json in Resources */,
				C200B04E27C615610096C347 /* LaunchScreen.storyboard in Resources */,
				C200B04B27C615610096C347 /* Assets.xcassets in Resources */,
				C200B04627C6155F0096C347 /* Main.storyboard in Resources */,
			);
			runOnlyForDeploymentPostprocessing = 0;
		};
/* End PBXResourcesBuildPhase section */

/* Begin PBXShellScriptBuildPhase section */
		8DEC419B3A06A9753DA1F56B /* [CP] Embed Pods Frameworks */ = {
			isa = PBXShellScriptBuildPhase;
			buildActionMask = 2147483647;
			files = (
			);
			inputFileListPaths = (
				"${PODS_ROOT}/Target Support Files/Pods-Weather/Pods-Weather-frameworks-${CONFIGURATION}-input-files.xcfilelist",
			);
			name = "[CP] Embed Pods Frameworks";
			outputFileListPaths = (
				"${PODS_ROOT}/Target Support Files/Pods-Weather/Pods-Weather-frameworks-${CONFIGURATION}-output-files.xcfilelist",
			);
			runOnlyForDeploymentPostprocessing = 0;
			shellPath = /bin/sh;
			shellScript = "\"${PODS_ROOT}/Target Support Files/Pods-Weather/Pods-Weather-frameworks.sh\"\n";
			showEnvVarsInLog = 0;
		};
		E3354B55141FFFB03C1022FB /* [CP] Check Pods Manifest.lock */ = {
			isa = PBXShellScriptBuildPhase;
			buildActionMask = 2147483647;
			files = (
			);
			inputFileListPaths = (
			);
			inputPaths = (
				"${PODS_PODFILE_DIR_PATH}/Podfile.lock",
				"${PODS_ROOT}/Manifest.lock",
			);
			name = "[CP] Check Pods Manifest.lock";
			outputFileListPaths = (
			);
			outputPaths = (
				"$(DERIVED_FILE_DIR)/Pods-Weather-checkManifestLockResult.txt",
			);
			runOnlyForDeploymentPostprocessing = 0;
			shellPath = /bin/sh;
			shellScript = "diff \"${PODS_PODFILE_DIR_PATH}/Podfile.lock\" \"${PODS_ROOT}/Manifest.lock\" > /dev/null\nif [ $? != 0 ] ; then\n    # print error to STDERR\n    echo \"error: The sandbox is not in sync with the Podfile.lock. Run 'pod install' or update your CocoaPods installation.\" >&2\n    exit 1\nfi\n# This output is used by Xcode 'outputs' to avoid re-running this script phase.\necho \"SUCCESS\" > \"${SCRIPT_OUTPUT_FILE_0}\"\n";
			showEnvVarsInLog = 0;
		};
/* End PBXShellScriptBuildPhase section */

/* Begin PBXSourcesBuildPhase section */
		C200B03727C6155E0096C347 /* Sources */ = {
			isa = PBXSourcesBuildPhase;
			buildActionMask = 2147483647;
			files = (
				C270553A27C7AA6900367265 /* Today'sWeatherCell.swift in Sources */,
				C200B04927C6155F0096C347 /* Weather.xcdatamodeld in Sources */,
				C2971EF327C7DE2E00A1D342 /* WeatherManager.swift in Sources */,
				C270550827C6232100367265 /* UIColor.swift in Sources */,
				C270553327C79D0700367265 /* ShowSevenDayWeatherViewController.swift in Sources */,
				C200B04327C6155F0096C347 /* AnimationViewController.swift in Sources */,
				C270553827C7A26400367265 /* WeatherCell.swift in Sources */,
				C200B03F27C6155F0096C347 /* AppDelegate.swift in Sources */,
				C200B04127C6155F0096C347 /* SceneDelegate.swift in Sources */,
				C270550127C61C2200367265 /* MainViewController.swift in Sources */,
				C2971EF727C7DF3400A1D342 /* WeatherData.swift in Sources */,
				C2971EF527C7DEA200A1D342 /* WeatherModel.swift in Sources */,
			);
			runOnlyForDeploymentPostprocessing = 0;
		};
/* End PBXSourcesBuildPhase section */

/* Begin PBXVariantGroup section */
		C200B04427C6155F0096C347 /* Main.storyboard */ = {
			isa = PBXVariantGroup;
			children = (
				C200B04527C6155F0096C347 /* Base */,
			);
			name = Main.storyboard;
			sourceTree = "<group>";
		};
		C200B04C27C615610096C347 /* LaunchScreen.storyboard */ = {
			isa = PBXVariantGroup;
			children = (
				C200B04D27C615610096C347 /* Base */,
			);
			name = LaunchScreen.storyboard;
			sourceTree = "<group>";
		};
/* End PBXVariantGroup section */

/* Begin XCBuildConfiguration section */
		C200B05027C615610096C347 /* Debug */ = {
			isa = XCBuildConfiguration;
			buildSettings = {
				ALWAYS_SEARCH_USER_PATHS = NO;
				CLANG_ANALYZER_NONNULL = YES;
				CLANG_ANALYZER_NUMBER_OBJECT_CONVERSION = YES_AGGRESSIVE;
				CLANG_CXX_LANGUAGE_STANDARD = "gnu++17";
				CLANG_CXX_LIBRARY = "libc++";
				CLANG_ENABLE_MODULES = YES;
				CLANG_ENABLE_OBJC_ARC = YES;
				CLANG_ENABLE_OBJC_WEAK = YES;
				CLANG_WARN_BLOCK_CAPTURE_AUTORELEASING = YES;
				CLANG_WARN_BOOL_CONVERSION = YES;
				CLANG_WARN_COMMA = YES;
				CLANG_WARN_CONSTANT_CONVERSION = YES;
				CLANG_WARN_DEPRECATED_OBJC_IMPLEMENTATIONS = YES;
				CLANG_WARN_DIRECT_OBJC_ISA_USAGE = YES_ERROR;
				CLANG_WARN_DOCUMENTATION_COMMENTS = YES;
				CLANG_WARN_EMPTY_BODY = YES;
				CLANG_WARN_ENUM_CONVERSION = YES;
				CLANG_WARN_INFINITE_RECURSION = YES;
				CLANG_WARN_INT_CONVERSION = YES;
				CLANG_WARN_NON_LITERAL_NULL_CONVERSION = YES;
				CLANG_WARN_OBJC_IMPLICIT_RETAIN_SELF = YES;
				CLANG_WARN_OBJC_LITERAL_CONVERSION = YES;
				CLANG_WARN_OBJC_ROOT_CLASS = YES_ERROR;
				CLANG_WARN_QUOTED_INCLUDE_IN_FRAMEWORK_HEADER = YES;
				CLANG_WARN_RANGE_LOOP_ANALYSIS = YES;
				CLANG_WARN_STRICT_PROTOTYPES = YES;
				CLANG_WARN_SUSPICIOUS_MOVE = YES;
				CLANG_WARN_UNGUARDED_AVAILABILITY = YES_AGGRESSIVE;
				CLANG_WARN_UNREACHABLE_CODE = YES;
				CLANG_WARN__DUPLICATE_METHOD_MATCH = YES;
				COPY_PHASE_STRIP = NO;
				DEBUG_INFORMATION_FORMAT = dwarf;
				ENABLE_STRICT_OBJC_MSGSEND = YES;
				ENABLE_TESTABILITY = YES;
				GCC_C_LANGUAGE_STANDARD = gnu11;
				GCC_DYNAMIC_NO_PIC = NO;
				GCC_NO_COMMON_BLOCKS = YES;
				GCC_OPTIMIZATION_LEVEL = 0;
				GCC_PREPROCESSOR_DEFINITIONS = (
					"DEBUG=1",
					"$(inherited)",
				);
				GCC_WARN_64_TO_32_BIT_CONVERSION = YES;
				GCC_WARN_ABOUT_RETURN_TYPE = YES_ERROR;
				GCC_WARN_UNDECLARED_SELECTOR = YES;
				GCC_WARN_UNINITIALIZED_AUTOS = YES_AGGRESSIVE;
				GCC_WARN_UNUSED_FUNCTION = YES;
				GCC_WARN_UNUSED_VARIABLE = YES;
				IPHONEOS_DEPLOYMENT_TARGET = 15.0;
				MTL_ENABLE_DEBUG_INFO = INCLUDE_SOURCE;
				MTL_FAST_MATH = YES;
				ONLY_ACTIVE_ARCH = YES;
				SDKROOT = iphoneos;
				SWIFT_ACTIVE_COMPILATION_CONDITIONS = DEBUG;
				SWIFT_OPTIMIZATION_LEVEL = "-Onone";
			};
			name = Debug;
		};
		C200B05127C615610096C347 /* Release */ = {
			isa = XCBuildConfiguration;
			buildSettings = {
				ALWAYS_SEARCH_USER_PATHS = NO;
				CLANG_ANALYZER_NONNULL = YES;
				CLANG_ANALYZER_NUMBER_OBJECT_CONVERSION = YES_AGGRESSIVE;
				CLANG_CXX_LANGUAGE_STANDARD = "gnu++17";
				CLANG_CXX_LIBRARY = "libc++";
				CLANG_ENABLE_MODULES = YES;
				CLANG_ENABLE_OBJC_ARC = YES;
				CLANG_ENABLE_OBJC_WEAK = YES;
				CLANG_WARN_BLOCK_CAPTURE_AUTORELEASING = YES;
				CLANG_WARN_BOOL_CONVERSION = YES;
				CLANG_WARN_COMMA = YES;
				CLANG_WARN_CONSTANT_CONVERSION = YES;
				CLANG_WARN_DEPRECATED_OBJC_IMPLEMENTATIONS = YES;
				CLANG_WARN_DIRECT_OBJC_ISA_USAGE = YES_ERROR;
				CLANG_WARN_DOCUMENTATION_COMMENTS = YES;
				CLANG_WARN_EMPTY_BODY = YES;
				CLANG_WARN_ENUM_CONVERSION = YES;
				CLANG_WARN_INFINITE_RECURSION = YES;
				CLANG_WARN_INT_CONVERSION = YES;
				CLANG_WARN_NON_LITERAL_NULL_CONVERSION = YES;
				CLANG_WARN_OBJC_IMPLICIT_RETAIN_SELF = YES;
				CLANG_WARN_OBJC_LITERAL_CONVERSION = YES;
				CLANG_WARN_OBJC_ROOT_CLASS = YES_ERROR;
				CLANG_WARN_QUOTED_INCLUDE_IN_FRAMEWORK_HEADER = YES;
				CLANG_WARN_RANGE_LOOP_ANALYSIS = YES;
				CLANG_WARN_STRICT_PROTOTYPES = YES;
				CLANG_WARN_SUSPICIOUS_MOVE = YES;
				CLANG_WARN_UNGUARDED_AVAILABILITY = YES_AGGRESSIVE;
				CLANG_WARN_UNREACHABLE_CODE = YES;
				CLANG_WARN__DUPLICATE_METHOD_MATCH = YES;
				COPY_PHASE_STRIP = NO;
				DEBUG_INFORMATION_FORMAT = "dwarf-with-dsym";
				ENABLE_NS_ASSERTIONS = NO;
				ENABLE_STRICT_OBJC_MSGSEND = YES;
				GCC_C_LANGUAGE_STANDARD = gnu11;
				GCC_NO_COMMON_BLOCKS = YES;
				GCC_WARN_64_TO_32_BIT_CONVERSION = YES;
				GCC_WARN_ABOUT_RETURN_TYPE = YES_ERROR;
				GCC_WARN_UNDECLARED_SELECTOR = YES;
				GCC_WARN_UNINITIALIZED_AUTOS = YES_AGGRESSIVE;
				GCC_WARN_UNUSED_FUNCTION = YES;
				GCC_WARN_UNUSED_VARIABLE = YES;
				IPHONEOS_DEPLOYMENT_TARGET = 15.0;
				MTL_ENABLE_DEBUG_INFO = NO;
				MTL_FAST_MATH = YES;
				SDKROOT = iphoneos;
				SWIFT_COMPILATION_MODE = wholemodule;
				SWIFT_OPTIMIZATION_LEVEL = "-O";
				VALIDATE_PRODUCT = YES;
			};
			name = Release;
		};
		C200B05327C615610096C347 /* Debug */ = {
			isa = XCBuildConfiguration;
			baseConfigurationReference = CF7725961EBC7A185067082C /* Pods-Weather.debug.xcconfig */;
			buildSettings = {
				ASSETCATALOG_COMPILER_APPICON_NAME = AppIcon;
				ASSETCATALOG_COMPILER_GLOBAL_ACCENT_COLOR_NAME = AccentColor;
				CODE_SIGN_STYLE = Automatic;
				CURRENT_PROJECT_VERSION = 1;
				DEVELOPMENT_TEAM = 284U9X4GNQ;
				GENERATE_INFOPLIST_FILE = YES;
				INFOPLIST_FILE = Weather/Info.plist;
				INFOPLIST_KEY_UIApplicationSupportsIndirectInputEvents = YES;
				INFOPLIST_KEY_UILaunchStoryboardName = LaunchScreen;
				INFOPLIST_KEY_UIMainStoryboardFile = Main;
				INFOPLIST_KEY_UISupportedInterfaceOrientations = UIInterfaceOrientationPortrait;
				INFOPLIST_KEY_UISupportedInterfaceOrientations_iPad = "UIInterfaceOrientationPortrait UIInterfaceOrientationPortraitUpsideDown UIInterfaceOrientationLandscapeLeft UIInterfaceOrientationLandscapeRight";
				INFOPLIST_KEY_UISupportedInterfaceOrientations_iPhone = "UIInterfaceOrientationPortrait UIInterfaceOrientationLandscapeLeft UIInterfaceOrientationLandscapeRight";
				LD_RUNPATH_SEARCH_PATHS = (
					"$(inherited)",
					"@executable_path/Frameworks",
				);
				MARKETING_VERSION = 1.0;
				PRODUCT_BUNDLE_IDENTIFIER = uz.digitalcity.Weather;
				PRODUCT_NAME = "$(TARGET_NAME)";
				SWIFT_EMIT_LOC_STRINGS = YES;
				SWIFT_VERSION = 5.0;
				TARGETED_DEVICE_FAMILY = 1;
			};
			name = Debug;
		};
		C200B05427C615610096C347 /* Release */ = {
			isa = XCBuildConfiguration;
			baseConfigurationReference = 708331F8AA612ECD54411EC7 /* Pods-Weather.release.xcconfig */;
			buildSettings = {
				ASSETCATALOG_COMPILER_APPICON_NAME = AppIcon;
				ASSETCATALOG_COMPILER_GLOBAL_ACCENT_COLOR_NAME = AccentColor;
				CODE_SIGN_STYLE = Automatic;
				CURRENT_PROJECT_VERSION = 1;
				DEVELOPMENT_TEAM = 284U9X4GNQ;
				GENERATE_INFOPLIST_FILE = YES;
				INFOPLIST_FILE = Weather/Info.plist;
				INFOPLIST_KEY_UIApplicationSupportsIndirectInputEvents = YES;
				INFOPLIST_KEY_UILaunchStoryboardName = LaunchScreen;
				INFOPLIST_KEY_UIMainStoryboardFile = Main;
				INFOPLIST_KEY_UISupportedInterfaceOrientations = UIInterfaceOrientationPortrait;
				INFOPLIST_KEY_UISupportedInterfaceOrientations_iPad = "UIInterfaceOrientationPortrait UIInterfaceOrientationPortraitUpsideDown UIInterfaceOrientationLandscapeLeft UIInterfaceOrientationLandscapeRight";
				INFOPLIST_KEY_UISupportedInterfaceOrientations_iPhone = "UIInterfaceOrientationPortrait UIInterfaceOrientationLandscapeLeft UIInterfaceOrientationLandscapeRight";
				LD_RUNPATH_SEARCH_PATHS = (
					"$(inherited)",
					"@executable_path/Frameworks",
				);
				MARKETING_VERSION = 1.0;
				PRODUCT_BUNDLE_IDENTIFIER = uz.digitalcity.Weather;
				PRODUCT_NAME = "$(TARGET_NAME)";
				SWIFT_EMIT_LOC_STRINGS = YES;
				SWIFT_VERSION = 5.0;
				TARGETED_DEVICE_FAMILY = 1;
			};
			name = Release;
		};
/* End XCBuildConfiguration section */

/* Begin XCConfigurationList section */
		C200B03627C6155E0096C347 /* Build configuration list for PBXProject "Weather" */ = {
			isa = XCConfigurationList;
			buildConfigurations = (
				C200B05027C615610096C347 /* Debug */,
				C200B05127C615610096C347 /* Release */,
			);
			defaultConfigurationIsVisible = 0;
			defaultConfigurationName = Release;
		};
		C200B05227C615610096C347 /* Build configuration list for PBXNativeTarget "Weather" */ = {
			isa = XCConfigurationList;
			buildConfigurations = (
				C200B05327C615610096C347 /* Debug */,
				C200B05427C615610096C347 /* Release */,
			);
			defaultConfigurationIsVisible = 0;
			defaultConfigurationName = Release;
		};
/* End XCConfigurationList section */

/* Begin XCVersionGroup section */
		C200B04727C6155F0096C347 /* Weather.xcdatamodeld */ = {
			isa = XCVersionGroup;
			children = (
				C200B04827C6155F0096C347 /* Weather.xcdatamodel */,
			);
			currentVersion = C200B04827C6155F0096C347 /* Weather.xcdatamodel */;
			path = Weather.xcdatamodeld;
			sourceTree = "<group>";
			versionGroupType = wrapper.xcdatamodel;
		};
/* End XCVersionGroup section */
	};
	rootObject = C200B03327C6155E0096C347 /* Project object */;
}
